
Microsoft Visual Studio Solution File, Format Version 12.00
# Visual Studio 15
VisualStudioVersion = 15.0.25920.0
MinimumVisualStudioVersion = 10.0.40219.1
Project("{2150E333-8FDC-42A3-9474-1A3956D46DE8}") = "CSharp Hakkında", "CSharp Hakkında", "{A89F5030-7604-4EBB-AE57-BA29B2C08EF3}"
	ProjectSection(SolutionItems) = preProject
		CSharp Hakkında\CSharp Nedir.md = CSharp Hakkında\CSharp Nedir.md
		CSharp Hakkında\CSharp.png = CSharp Hakkında\CSharp.png
		CSharp Hakkında\CSharpAsp.jpg = CSharp Hakkında\CSharpAsp.jpg
		CSharp Hakkında\CSharpConverting.png = CSharp Hakkında\CSharpConverting.png
		CSharp Hakkında\CSharpDLL.jpg = CSharp Hakkında\CSharpDLL.jpg
		CSharp Hakkında\CSharpForm.png = CSharp Hakkında\CSharpForm.png
		CSharp Hakkında\CSharpHelloWorld.jpg = CSharp Hakkında\CSharpHelloWorld.jpg
		CSharp Hakkında\CSharpMobile.jpg = CSharp Hakkında\CSharpMobile.jpg
		CSharp Hakkında\CSharpSOAP.png = CSharp Hakkında\CSharpSOAP.png
	EndProjectSection
EndProject
Project("{2150E333-8FDC-42A3-9474-1A3956D46DE8}") = "Solution Items", "Solution Items", "{C83A0AE5-2B34-4567-B226-AD41E0DB2251}"
	ProjectSection(SolutionItems) = preProject
		ReadMe.md = ReadMe.md
	EndProjectSection
EndProject
Project("{FAE04EC0-301F-11D3-BF4B-00C04F79EFBC}") = "2.Degiskenler", "2.Degiskenler\2.Degiskenler.csproj", "{8A90662C-13B6-41C2-AE40-392B451BFED1}"
EndProject
Project("{FAE04EC0-301F-11D3-BF4B-00C04F79EFBC}") = "1.IlkProgramimiz", "1.IlkProgramimiz\1.IlkProgramimiz.csproj", "{EE786848-BFFC-4DFB-BE16-854373195C8E}"
EndProject
Global
	GlobalSection(SolutionConfigurationPlatforms) = preSolution
		Debug|Any CPU = Debug|Any CPU
		Release|Any CPU = Release|Any CPU
	EndGlobalSection
	GlobalSection(ProjectConfigurationPlatforms) = postSolution
		{8A90662C-13B6-41C2-AE40-392B451BFED1}.Debug|Any CPU.ActiveCfg = Debug|Any CPU
		{8A90662C-13B6-41C2-AE40-392B451BFED1}.Debug|Any CPU.Build.0 = Debug|Any CPU
		{8A90662C-13B6-41C2-AE40-392B451BFED1}.Release|Any CPU.ActiveCfg = Release|Any CPU
		{8A90662C-13B6-41C2-AE40-392B451BFED1}.Release|Any CPU.Build.0 = Release|Any CPU
		{EE786848-BFFC-4DFB-BE16-854373195C8E}.Debug|Any CPU.ActiveCfg = Debug|Any CPU
		{EE786848-BFFC-4DFB-BE16-854373195C8E}.Debug|Any CPU.Build.0 = Debug|Any CPU
		{EE786848-BFFC-4DFB-BE16-854373195C8E}.Release|Any CPU.ActiveCfg = Release|Any CPU
		{EE786848-BFFC-4DFB-BE16-854373195C8E}.Release|Any CPU.Build.0 = Release|Any CPU
	EndGlobalSection
	GlobalSection(SolutionProperties) = preSolution
		HideSolutionNode = FALSE
	EndGlobalSection
EndGlobal
